
Microsoft Visual Studio Solution File, Format Version 12.00
# Visual Studio Version 17
VisualStudioVersion = 17.5.002.0
MinimumVisualStudioVersion = 10.0.40219.1
Project("{9A19103F-16F7-4668-BE54-9A1E7A4F7556}") = "Calculator", "Calculator\Calculator.csproj", "{AE084A06-567D-44F9-A7C9-F1FC970F07FB}"
EndProject
Project("{9A19103F-16F7-4668-BE54-9A1E7A4F7556}") = "WithoutLoop", "WithoutLoop\WithoutLoop.csproj", "{B69FC165-155B-467E-B237-417F5EB7B98D}"
EndProject
Project("{9A19103F-16F7-4668-BE54-9A1E7A4F7556}") = "Prime", "Prime\Prime.csproj", "{93CFD93B-7E85-4124-B5DB-0399874A2566}"
EndProject
Project("{9A19103F-16F7-4668-BE54-9A1E7A4F7556}") = "hypotenuse", "hypotenuse\hypotenuse.csproj", "{A4DDDD33-4335-48DE-AF2E-30C78A829A38}"
EndProject
Global
	GlobalSection(SolutionConfigurationPlatforms) = preSolution
		Debug|Any CPU = Debug|Any CPU
		Release|Any CPU = Release|Any CPU
	EndGlobalSection
	GlobalSection(ProjectConfigurationPlatforms) = postSolution
		{AE084A06-567D-44F9-A7C9-F1FC970F07FB}.Debug|Any CPU.ActiveCfg = Debug|Any CPU
		{AE084A06-567D-44F9-A7C9-F1FC970F07FB}.Debug|Any CPU.Build.0 = Debug|Any CPU
		{AE084A06-567D-44F9-A7C9-F1FC970F07FB}.Release|Any CPU.ActiveCfg = Release|Any CPU
		{AE084A06-567D-44F9-A7C9-F1FC970F07FB}.Release|Any CPU.Build.0 = Release|Any CPU
		{B69FC165-155B-467E-B237-417F5EB7B98D}.Debug|Any CPU.ActiveCfg = Debug|Any CPU
		{B69FC165-155B-467E-B237-417F5EB7B98D}.Debug|Any CPU.Build.0 = Debug|Any CPU
		{B69FC165-155B-467E-B237-417F5EB7B98D}.Release|Any CPU.ActiveCfg = Release|Any CPU
		{B69FC165-155B-467E-B237-417F5EB7B98D}.Release|Any CPU.Build.0 = Release|Any CPU
		{93CFD93B-7E85-4124-B5DB-0399874A2566}.Debug|Any CPU.ActiveCfg = Debug|Any CPU
		{93CFD93B-7E85-4124-B5DB-0399874A2566}.Debug|Any CPU.Build.0 = Debug|Any CPU
		{93CFD93B-7E85-4124-B5DB-0399874A2566}.Release|Any CPU.ActiveCfg = Release|Any CPU
		{93CFD93B-7E85-4124-B5DB-0399874A2566}.Release|Any CPU.Build.0 = Release|Any CPU
		{A4DDDD33-4335-48DE-AF2E-30C78A829A38}.Debug|Any CPU.ActiveCfg = Debug|Any CPU
		{A4DDDD33-4335-48DE-AF2E-30C78A829A38}.Debug|Any CPU.Build.0 = Debug|Any CPU
		{A4DDDD33-4335-48DE-AF2E-30C78A829A38}.Release|Any CPU.ActiveCfg = Release|Any CPU
		{A4DDDD33-4335-48DE-AF2E-30C78A829A38}.Release|Any CPU.Build.0 = Release|Any CPU
	EndGlobalSection
	GlobalSection(SolutionProperties) = preSolution
		HideSolutionNode = FALSE
	EndGlobalSection
	GlobalSection(ExtensibilityGlobals) = postSolution
		SolutionGuid = {AD033EFA-FCAE-4D59-A18A-D6A3ADE67760}
	EndGlobalSection
EndGlobal
